<?xml version="1.0" encoding="utf-8"?>
<Project ToolsVersion="4.0" xmlns="http://schemas.microsoft.com/developer/msbuild/2003">
  <ItemGroup>
    <Filter Include="Source Files">
      <UniqueIdentifier>{4FC737F1-C7A5-4376-A066-2A32D752A2FF}</UniqueIdentifier>
      <Extensions>cpp;c;cc;cxx;def;odl;idl;hpj;bat;asm;asmx</Extensions>
    </Filter>
    <Filter Include="Header Files">
      <UniqueIdentifier>{93995380-89BD-4b04-88EB-625FBE52EBFB}</UniqueIdentifier>
      <Extensions>h;hh;hpp;hxx;hm;inl;inc;ipp;xsd</Extensions>
    </Filter>
    <Filter Include="Resource Files">
      <UniqueIdentifier>{67DA6AB6-F800-4c08-8B7A-83BB121AAD01}</UniqueIdentifier>
      <Extensions>rc;ico;cur;bmp;dlg;rc2;rct;bin;rgs;gif;jpg;jpeg;jpe;resx;tiff;tif;png;wav;mfcribbon-ms</Extensions>
    </Filter>
  </ItemGroup>
  <ItemGroup>
    <ClCompile Include="main.cpp">
      <Filter>Source Files</Filter>
    </ClCompile>
    <ClCompile Include="Display.cpp">
      <Filter>Source Files</Filter>
    </ClCompile>
    <ClCompile Include="ElevatorDirection.cpp">
      <Filter>Source Files</Filter>
    </ClCompile>
    <ClCompile Include="Elevators.cpp">
      <Filter>Source Files</Filter>
    </ClCompile>
    <ClCompile Include="FileRead.cpp">
      <Filter>Source Files</Filter>
    </ClCompile>
    <ClCompile Include="GenerateUniquePassenger.cpp">
      <Filter>Source Files</Filter>
    </ClCompile>
    <ClCompile Include="MedicalStaff.cpp">
      <Filter>Source Files</Filter>
    </ClCompile>
    <ClCompile Include="Passenger.cpp">
      <Filter>Source Files</Filter>
    </ClCompile>
    <ClCompile Include="Patients.cpp">
      <Filter>Source Files</Filter>
    </ClCompile>
    <ClCompile Include="People.cpp">
      <Filter>Source Files</Filter>
    </ClCompile>
    <ClCompile Include="RandomGenerator.cpp">
      <Filter>Source Files</Filter>
    </ClCompile>
    <ClCompile Include="Security.cpp">
      <Filter>Source Files</Filter>
    </ClCompile>
    <ClCompile Include="SecurityPersonnel.cpp">
      <Filter>Source Files</Filter>
    </ClCompile>
    <ClCompile Include="Staff.cpp">
      <Filter>Source Files</Filter>
    </ClCompile>
    <ClCompile Include="StatisticsKeeper.cpp">
      <Filter>Source Files</Filter>
    </ClCompile>
    <ClCompile Include="StringHelper.cpp">
      <Filter>Source Files</Filter>
    </ClCompile>
    <ClCompile Include="SupportStaff.cpp">
      <Filter>Source Files</Filter>
    </ClCompile>
    <ClCompile Include="SystemController.cpp">
      <Filter>Source Files</Filter>
    </ClCompile>
    <ClCompile Include="TrafficGenerator.cpp">
      <Filter>Source Files</Filter>
    </ClCompile>
    <ClCompile Include="Visitors.cpp">
      <Filter>Source Files</Filter>
    </ClCompile>
    <ClCompile Include="timingWheel.cpp">
      <Filter>Source Files</Filter>
    </ClCompile>
    <ClCompile Include="partitions.cpp">
      <Filter>Source Files</Filter>
    </ClCompile>
  </ItemGroup>
  <ItemGroup>
    <ClInclude Include="Display.h">
      <Filter>Header Files</Filter>
    </ClInclude>
    <ClInclude Include="ElevatorDirection.h">
      <Filter>Header Files</Filter>
    </ClInclude>
    <ClInclude Include="Elevators.h">
      <Filter>Header Files</Filter>
    </ClInclude>
    <ClInclude Include="FileRead.h">
      <Filter>Header Files</Filter>
    </ClInclude>
    <ClInclude Include="GenerateUniquePassenger.h">
      <Filter>Header Files</Filter>
    </ClInclude>
    <ClInclude Include="MedicalStaff.h">
      <Filter>Header Files</Filter>
    </ClInclude>
    <ClInclude Include="Passenger.h">
      <Filter>Header Files</Filter>
    </ClInclude>
    <ClInclude Include="Patients.h">
      <Filter>Header Files</Filter>
    </ClInclude>
    <ClInclude Include="People.h">
      <Filter>Header Files</Filter>
    </ClInclude>
    <ClInclude Include="RandomGenerator.h">
      <Filter>Header Files</Filter>
    </ClInclude>
    <ClInclude Include="Security.h">
      <Filter>Header Files</Filter>
    </ClInclude>
    <ClInclude Include="SecurityPersonnel.h">
      <Filter>Header Files</Filter>
    </ClInclude>
    <ClInclude Include="Staff.h">
      <Filter>Header Files</Filter>
    </ClInclude>
    <ClInclude Include="StatisticsKeeper.h">
      <Filter>Header Files</Filter>
    </ClInclude>
    <ClInclude Include="StringHelper.h">
      <Filter>Header Files</Filter>
    </ClInclude>
    <ClInclude Include="SupportStaff.h">
      <Filter>Header Files</Filter>
    </ClInclude>
    <ClInclude Include="SystemController.h">
      <Filter>Header Files</Filter>
    </ClInclude>
    <ClInclude Include="TrafficGenerator.h">
      <Filter>Header Files</Filter>
    </ClInclude>
    <ClInclude Include="Visitors.h">
      <Filter>Header Files</Filter>
    </ClInclude>
    <ClInclude Include="timingWheel.h">
      <Filter>Header Files</Filter>
    </ClInclude>
    <ClInclude Include="partitions.h">
      <Filter>Header Files</Filter>
    </ClInclude>
  </ItemGroup>
  <ItemGroup>
    <Text Include="..\input.txt" />
  </ItemGroup>
</Project>